{
  "projects": [
    {
      "projectId": "54HMz7Hvd2hKuAsezVhBVr",
      "version": "latest",
      "dependencies": {},
      "lang": "ts",
      "fileLocks": [
        {
          "type": "globalVariant",
          "assetId": "dYbhPAqG0g9Hu",
          "checksum": "352f161df080175e1915d4224c20639b"
        },
        {
          "type": "renderModule",
          "assetId": "evFdljHsKY7L5",
          "checksum": "1fa75ba8dec6ffbcaed5b74022fabe50"
        },
        {
          "type": "cssRules",
          "assetId": "evFdljHsKY7L5",
          "checksum": "1fa75ba8dec6ffbcaed5b74022fabe50"
        },
        {
          "type": "renderModule",
          "assetId": "2absIEKb81Nff",
          "checksum": "4aec52ac291ce0605739670aee6bfeb6"
        },
        {
          "type": "cssRules",
          "assetId": "2absIEKb81Nff",
          "checksum": "4aec52ac291ce0605739670aee6bfeb6"
        },
        {
          "type": "renderModule",
          "assetId": "y6oMpGPQpSdLN",
          "checksum": "cc38b8245d32698eea36e68c164e844a"
        },
        {
          "type": "cssRules",
          "assetId": "y6oMpGPQpSdLN",
          "checksum": "cc38b8245d32698eea36e68c164e844a"
        },
        {
          "type": "renderModule",
          "assetId": "gSxAtSkc_B2bx",
          "checksum": "7746b34c1720f145c3cecb93353b5a0c"
        },
        {
          "type": "cssRules",
          "assetId": "gSxAtSkc_B2bx",
          "checksum": "7746b34c1720f145c3cecb93353b5a0c"
        },
        {
          "type": "icon",
          "assetId": "x5R3V1qKIDRpC",
          "checksum": "2f807e8fc5aca206a8dd085af965577a"
        },
        {
          "type": "icon",
          "assetId": "jOZ57IuiaExMg",
          "checksum": "ff8a937465146d2d584e23b514fa6355"
        },
        {
          "type": "image",
          "assetId": "giW_NORDPg6I9",
          "checksum": "bebf97d2c3a02f95f5cf1f31b91e4d5a"
        },
        {
          "type": "image",
          "assetId": "qsrMWUygz",
          "checksum": "3d09250192f8ff7ba54a542f1bc739d6"
        },
        {
          "assetId": "54HMz7Hvd2hKuAsezVhBVr",
          "type": "projectCss",
          "checksum": "a7b8d34c00d62991ff117f9e4496fb93"
        }
      ],
      "codegenVersion": "0.0.1"
    }
  ],
  "cliVersion": "0.1.186"
}
