{
  "projects": [
    {
      "projectId": "54HMz7Hvd2hKuAsezVhBVr",
      "version": "latest",
      "dependencies": {},
      "lang": "ts",
      "fileLocks": [
        {
          "type": "globalVariant",
          "assetId": "dYbhPAqG0g9Hu",
          "checksum": "352f161df080175e1915d4224c20639b"
        },
        {
          "type": "renderModule",
          "assetId": "evFdljHsKY7L5",
          "checksum": "7a45419554d495ff09e1fd618663bcbc"
        },
        {
          "type": "cssRules",
          "assetId": "evFdljHsKY7L5",
          "checksum": "7a45419554d495ff09e1fd618663bcbc"
        },
        {
          "type": "renderModule",
          "assetId": "2absIEKb81Nff",
          "checksum": "1c588b72ddbe357035975a464a48d7e7"
        },
        {
          "type": "cssRules",
          "assetId": "2absIEKb81Nff",
          "checksum": "1c588b72ddbe357035975a464a48d7e7"
        },
        {
          "type": "renderModule",
          "assetId": "y6oMpGPQpSdLN",
          "checksum": "f186dd0a53196460db1273ae2d65c878"
        },
        {
          "type": "cssRules",
          "assetId": "y6oMpGPQpSdLN",
          "checksum": "f186dd0a53196460db1273ae2d65c878"
        },
        {
          "type": "renderModule",
          "assetId": "gSxAtSkc_B2bx",
          "checksum": "18486bc69e3a8811f127e443bc0284fd"
        },
        {
          "type": "cssRules",
          "assetId": "gSxAtSkc_B2bx",
          "checksum": "18486bc69e3a8811f127e443bc0284fd"
        },
        {
          "type": "icon",
          "assetId": "x5R3V1qKIDRpC",
          "checksum": "2f807e8fc5aca206a8dd085af965577a"
        },
        {
          "type": "icon",
          "assetId": "jOZ57IuiaExMg",
          "checksum": "ff8a937465146d2d584e23b514fa6355"
        },
        {
          "type": "image",
          "assetId": "giW_NORDPg6I9",
          "checksum": "bebf97d2c3a02f95f5cf1f31b91e4d5a"
        },
        {
          "assetId": "54HMz7Hvd2hKuAsezVhBVr",
          "type": "projectCss",
          "checksum": "a7b8d34c00d62991ff117f9e4496fb93"
        }
      ],
      "codegenVersion": "0.0.1"
    }
  ],
  "cliVersion": "0.1.186"
}
